
Microsoft Visual Studio Solution File, Format Version 12.00
Project("{FAE04EC0-301F-11D3-BF4B-00C04F79EFBC}") = "appointment-api", "appointment-api.csproj", "{753977C8-60CC-4901-8344-FD67041D5BF5}"
EndProject
Project("{FAE04EC0-301F-11D3-BF4B-00C04F79EFBC}") = "domain", "Domain\domain.csproj", "{5ADB1B6C-CF70-4A7A-97EF-2C50BB44BAEB}"
EndProject
Project("{FAE04EC0-301F-11D3-BF4B-00C04F79EFBC}") = "application", "Application\application.csproj", "{E6B5641B-F1FD-4A7D-B724-318292377117}"
EndProject
Project("{FAE04EC0-301F-11D3-BF4B-00C04F79EFBC}") = "infrastructure", "infrastructure\infrastructure.csproj", "{0388CE80-DBC1-4A87-9367-CED9A61304EA}"
EndProject
Global
	GlobalSection(SolutionConfigurationPlatforms) = preSolution
		Debug|Any CPU = Debug|Any CPU
		Release|Any CPU = Release|Any CPU
	EndGlobalSection
	GlobalSection(ProjectConfigurationPlatforms) = postSolution
		{753977C8-60CC-4901-8344-FD67041D5BF5}.Debug|Any CPU.ActiveCfg = Debug|Any CPU
		{753977C8-60CC-4901-8344-FD67041D5BF5}.Debug|Any CPU.Build.0 = Debug|Any CPU
		{753977C8-60CC-4901-8344-FD67041D5BF5}.Release|Any CPU.ActiveCfg = Release|Any CPU
		{753977C8-60CC-4901-8344-FD67041D5BF5}.Release|Any CPU.Build.0 = Release|Any CPU
		{5ADB1B6C-CF70-4A7A-97EF-2C50BB44BAEB}.Debug|Any CPU.ActiveCfg = Debug|Any CPU
		{5ADB1B6C-CF70-4A7A-97EF-2C50BB44BAEB}.Debug|Any CPU.Build.0 = Debug|Any CPU
		{5ADB1B6C-CF70-4A7A-97EF-2C50BB44BAEB}.Release|Any CPU.ActiveCfg = Release|Any CPU
		{5ADB1B6C-CF70-4A7A-97EF-2C50BB44BAEB}.Release|Any CPU.Build.0 = Release|Any CPU
		{E6B5641B-F1FD-4A7D-B724-318292377117}.Debug|Any CPU.ActiveCfg = Debug|Any CPU
		{E6B5641B-F1FD-4A7D-B724-318292377117}.Debug|Any CPU.Build.0 = Debug|Any CPU
		{E6B5641B-F1FD-4A7D-B724-318292377117}.Release|Any CPU.ActiveCfg = Release|Any CPU
		{E6B5641B-F1FD-4A7D-B724-318292377117}.Release|Any CPU.Build.0 = Release|Any CPU
		{0388CE80-DBC1-4A87-9367-CED9A61304EA}.Debug|Any CPU.ActiveCfg = Debug|Any CPU
		{0388CE80-DBC1-4A87-9367-CED9A61304EA}.Debug|Any CPU.Build.0 = Debug|Any CPU
		{0388CE80-DBC1-4A87-9367-CED9A61304EA}.Release|Any CPU.ActiveCfg = Release|Any CPU
		{0388CE80-DBC1-4A87-9367-CED9A61304EA}.Release|Any CPU.Build.0 = Release|Any CPU
	EndGlobalSection
EndGlobal
